
Microsoft Visual Studio Solution File, Format Version 12.00
# Visual Studio Version 17
VisualStudioVersion = 17.7.34024.191
MinimumVisualStudioVersion = 10.0.40219.1
Project("{FAE04EC0-301F-11D3-BF4B-00C04F79EFBC}") = "csharp-typesystem-snacks", "csharp-typesystem-snacks\csharp-typesystem-snacks.csproj", "{C9BA0797-A822-495F-BB09-832F77A8B885}"
EndProject
Global
	GlobalSection(SolutionConfigurationPlatforms) = preSolution
		Debug|Any CPU = Debug|Any CPU
		Release|Any CPU = Release|Any CPU
	EndGlobalSection
	GlobalSection(ProjectConfigurationPlatforms) = postSolution
		{C9BA0797-A822-495F-BB09-832F77A8B885}.Debug|Any CPU.ActiveCfg = Debug|Any CPU
		{C9BA0797-A822-495F-BB09-832F77A8B885}.Debug|Any CPU.Build.0 = Debug|Any CPU
		{C9BA0797-A822-495F-BB09-832F77A8B885}.Release|Any CPU.ActiveCfg = Release|Any CPU
		{C9BA0797-A822-495F-BB09-832F77A8B885}.Release|Any CPU.Build.0 = Release|Any CPU
	EndGlobalSection
	GlobalSection(SolutionProperties) = preSolution
		HideSolutionNode = FALSE
	EndGlobalSection
	GlobalSection(ExtensibilityGlobals) = postSolution
		SolutionGuid = {1F6C2C1F-8F4D-4B4E-836C-64D035535052}
	EndGlobalSection
EndGlobal
